
Microsoft Visual Studio Solution File, Format Version 12.00
# Visual Studio Version 16
VisualStudioVersion = 16.0.31729.503
MinimumVisualStudioVersion = 10.0.40219.1
Project("{FAE04EC0-301F-11D3-BF4B-00C04F79EFBC}") = "Project  X", "Project  X\Project  X.csproj", "{0EC56616-9763-4BD9-B16D-871F98D4872D}"
EndProject
Global
	GlobalSection(SolutionConfigurationPlatforms) = preSolution
		Debug|Any CPU = Debug|Any CPU
		Release|Any CPU = Release|Any CPU
	EndGlobalSection
	GlobalSection(ProjectConfigurationPlatforms) = postSolution
		{0EC56616-9763-4BD9-B16D-871F98D4872D}.Debug|Any CPU.ActiveCfg = Debug|Any CPU
		{0EC56616-9763-4BD9-B16D-871F98D4872D}.Debug|Any CPU.Build.0 = Debug|Any CPU
		{0EC56616-9763-4BD9-B16D-871F98D4872D}.Release|Any CPU.ActiveCfg = Release|Any CPU
		{0EC56616-9763-4BD9-B16D-871F98D4872D}.Release|Any CPU.Build.0 = Release|Any CPU
	EndGlobalSection
	GlobalSection(SolutionProperties) = preSolution
		HideSolutionNode = FALSE
	EndGlobalSection
	GlobalSection(ExtensibilityGlobals) = postSolution
		SolutionGuid = {853BD32A-E668-47A9-B0C6-79BB536877D6}
	EndGlobalSection
EndGlobal
